
Microsoft Visual Studio Solution File, Format Version 12.00
# Visual Studio 15
VisualStudioVersion = 15.0.28307.1062
MinimumVisualStudioVersion = 10.0.40219.1
Project("{9A19103F-16F7-4668-BE54-9A1E7A4F7556}") = "ITI.UI.DP.Observer.EventHandler", "ITI.UI.DP.Observer\ITI.UI.DP.Observer.EventHandler.csproj", "{C509664E-9572-497C-9DD4-5B34980F5BD8}"
EndProject
Project("{9A19103F-16F7-4668-BE54-9A1E7A4F7556}") = "ITI.UI.DP.Observer.Stock", "ITI.UI.DP.Observer.Stock\ITI.UI.DP.Observer.Stock.csproj", "{CACE1070-3752-46BC-9CD7-D74B438B2747}"
EndProject
Project("{9A19103F-16F7-4668-BE54-9A1E7A4F7556}") = "ITI.UI.DP.BankAccount", "ITI.UI.DP.BankAccount\ITI.UI.DP.BankAccount.csproj", "{95E498BF-2E7A-4747-8B74-422A91545FFB}"
EndProject
Project("{9A19103F-16F7-4668-BE54-9A1E7A4F7556}") = "ITI.UI.DP.Iterator", "ITI.UI.DP.Iterator\ITI.UI.DP.Iterator.csproj", "{F98A06AF-7196-47D9-8A5D-7604AF88BA4F}"
EndProject
Project("{9A19103F-16F7-4668-BE54-9A1E7A4F7556}") = "ITI.UI.DP.CoR.ExceptionHandling", "ITI.UI.DP.ChainOfResponsibility\ITI.UI.DP.CoR.ExceptionHandling.csproj", "{DFFA817E-FD1F-45CB-8908-3B8EC577F6CA}"
EndProject
Project("{9A19103F-16F7-4668-BE54-9A1E7A4F7556}") = "ITI.UI.DP.CoR.GenericImplementation", "ITI.UI.DP.CoR.GenericImplementation\ITI.UI.DP.CoR.GenericImplementation.csproj", "{F12F8D9A-D7F2-4D23-B1BB-37D3B8316075}"
EndProject
Project("{9A19103F-16F7-4668-BE54-9A1E7A4F7556}") = "ITI.UI.DP.FacadeResturant", "ITI.UI.DP.FacadeResturant\ITI.UI.DP.FacadeResturant.csproj", "{4CD3E88C-CFFA-4EC8-A22A-01C3FC5FA7F4}"
EndProject
Project("{9A19103F-16F7-4668-BE54-9A1E7A4F7556}") = "ITI.UI.DP.PeopleViewer", "ITI.UI.DP.PeopleFactory\ITI.UI.DP.PeopleViewer.csproj", "{98B1FFF6-8788-461B-894A-EEBA637167E0}"
EndProject
Project("{2150E333-8FDC-42A3-9474-1A3956D46DE8}") = "CoR", "CoR", "{3BEFADC8-9706-4FAB-A9A6-2FDE9EEDFB41}"
EndProject
Project("{2150E333-8FDC-42A3-9474-1A3956D46DE8}") = "Facade", "Facade", "{215B2F74-DD7C-4957-9005-3C41A9B2F829}"
EndProject
Project("{2150E333-8FDC-42A3-9474-1A3956D46DE8}") = "Iterator", "Iterator", "{99C6C53A-4D45-4AC5-BD00-F741DF92BC5A}"
EndProject
Project("{2150E333-8FDC-42A3-9474-1A3956D46DE8}") = "Observer", "Observer", "{EC7B1DDF-85A5-498D-9611-BD6B5E9AA3E4}"
EndProject
Project("{2150E333-8FDC-42A3-9474-1A3956D46DE8}") = "Proxy", "Proxy", "{293647B7-E1F2-491A-B68F-7FA57EDD0683}"
EndProject
Project("{2150E333-8FDC-42A3-9474-1A3956D46DE8}") = "Factory", "Factory", "{DB694CE2-C2AF-44F7-9C27-761F25C17F4F}"
EndProject
Project("{2150E333-8FDC-42A3-9474-1A3956D46DE8}") = "DataSources", "DataSources", "{94029795-A94E-4CE2-A240-7EB9C71F7D42}"
EndProject
Project("{9A19103F-16F7-4668-BE54-9A1E7A4F7556}") = "PersonReponsitory.CSV", "PersonReponsitory.CSV\PersonReponsitory.CSV.csproj", "{F7425AA6-FD31-4ED9-9D0E-150C40F6530A}"
EndProject
Project("{9A19103F-16F7-4668-BE54-9A1E7A4F7556}") = "PersonRepository.SQL", "PersonRepository.SQL\PersonRepository.SQL.csproj", "{1F8C4D7B-70C6-4DE1-B179-34B19AD7593B}"
EndProject
Project("{9A19103F-16F7-4668-BE54-9A1E7A4F7556}") = "PersonRepository.Service", "PersonRepository.Service\PersonRepository.Service.csproj", "{60842E23-074E-45E4-A06C-17EE8D579973}"
EndProject
Project("{9A19103F-16F7-4668-BE54-9A1E7A4F7556}") = "PersonReponsitory.Domain", "PersonReponsitory.Domain\PersonReponsitory.Domain.csproj", "{F6ABD873-5A2A-491E-8A1F-27C225A02384}"
EndProject
Project("{9A19103F-16F7-4668-BE54-9A1E7A4F7556}") = "Factory.PeopleFactory", "Factory.PeopleFactory\Factory.PeopleFactory.csproj", "{9F2E91AA-8B03-4ACD-9739-846997A49DC5}"
EndProject
Project("{2150E333-8FDC-42A3-9474-1A3956D46DE8}") = "Builder", "Builder", "{973DC673-E751-4221-9C92-0AC4D96E5CE2}"
EndProject
Project("{2150E333-8FDC-42A3-9474-1A3956D46DE8}") = "Adapter", "Adapter", "{07C0120D-D5F0-4CEA-89A2-86F36725834D}"
EndProject
Project("{FAE04EC0-301F-11D3-BF4B-00C04F79EFBC}") = "ITI.UI.DP.HTMLBuilder", "ITI.UI.DP.HTMLBuilder\ITI.UI.DP.HTMLBuilder.csproj", "{955F11A8-1DAE-4522-8532-17EF1DF44C7D}"
EndProject
Project("{FAE04EC0-301F-11D3-BF4B-00C04F79EFBC}") = "ITI.UI.DP.PersonBuilder", "ITI.UI.DP.PersonBuilder\ITI.UI.DP.PersonBuilder.csproj", "{514DB20A-F295-4693-B3F3-C10B95A1D09A}"
EndProject
Project("{FAE04EC0-301F-11D3-BF4B-00C04F79EFBC}") = "ITI.UI.DP.ShapreAdapter", "ITI.UI.DP.ShapreAdapter\ITI.UI.DP.ShapreAdapter.csproj", "{D83D8EFE-BFB8-4963-A9D4-6A4E1433E660}"
EndProject
Global
	GlobalSection(SolutionConfigurationPlatforms) = preSolution
		Debug|Any CPU = Debug|Any CPU
		Release|Any CPU = Release|Any CPU
	EndGlobalSection
	GlobalSection(ProjectConfigurationPlatforms) = postSolution
		{C509664E-9572-497C-9DD4-5B34980F5BD8}.Debug|Any CPU.ActiveCfg = Debug|Any CPU
		{C509664E-9572-497C-9DD4-5B34980F5BD8}.Debug|Any CPU.Build.0 = Debug|Any CPU
		{C509664E-9572-497C-9DD4-5B34980F5BD8}.Release|Any CPU.ActiveCfg = Release|Any CPU
		{C509664E-9572-497C-9DD4-5B34980F5BD8}.Release|Any CPU.Build.0 = Release|Any CPU
		{CACE1070-3752-46BC-9CD7-D74B438B2747}.Debug|Any CPU.ActiveCfg = Debug|Any CPU
		{CACE1070-3752-46BC-9CD7-D74B438B2747}.Debug|Any CPU.Build.0 = Debug|Any CPU
		{CACE1070-3752-46BC-9CD7-D74B438B2747}.Release|Any CPU.ActiveCfg = Release|Any CPU
		{CACE1070-3752-46BC-9CD7-D74B438B2747}.Release|Any CPU.Build.0 = Release|Any CPU
		{95E498BF-2E7A-4747-8B74-422A91545FFB}.Debug|Any CPU.ActiveCfg = Debug|Any CPU
		{95E498BF-2E7A-4747-8B74-422A91545FFB}.Debug|Any CPU.Build.0 = Debug|Any CPU
		{95E498BF-2E7A-4747-8B74-422A91545FFB}.Release|Any CPU.ActiveCfg = Release|Any CPU
		{95E498BF-2E7A-4747-8B74-422A91545FFB}.Release|Any CPU.Build.0 = Release|Any CPU
		{F98A06AF-7196-47D9-8A5D-7604AF88BA4F}.Debug|Any CPU.ActiveCfg = Debug|Any CPU
		{F98A06AF-7196-47D9-8A5D-7604AF88BA4F}.Debug|Any CPU.Build.0 = Debug|Any CPU
		{F98A06AF-7196-47D9-8A5D-7604AF88BA4F}.Release|Any CPU.ActiveCfg = Release|Any CPU
		{F98A06AF-7196-47D9-8A5D-7604AF88BA4F}.Release|Any CPU.Build.0 = Release|Any CPU
		{DFFA817E-FD1F-45CB-8908-3B8EC577F6CA}.Debug|Any CPU.ActiveCfg = Debug|Any CPU
		{DFFA817E-FD1F-45CB-8908-3B8EC577F6CA}.Debug|Any CPU.Build.0 = Debug|Any CPU
		{DFFA817E-FD1F-45CB-8908-3B8EC577F6CA}.Release|Any CPU.ActiveCfg = Release|Any CPU
		{DFFA817E-FD1F-45CB-8908-3B8EC577F6CA}.Release|Any CPU.Build.0 = Release|Any CPU
		{F12F8D9A-D7F2-4D23-B1BB-37D3B8316075}.Debug|Any CPU.ActiveCfg = Debug|Any CPU
		{F12F8D9A-D7F2-4D23-B1BB-37D3B8316075}.Debug|Any CPU.Build.0 = Debug|Any CPU
		{F12F8D9A-D7F2-4D23-B1BB-37D3B8316075}.Release|Any CPU.ActiveCfg = Release|Any CPU
		{F12F8D9A-D7F2-4D23-B1BB-37D3B8316075}.Release|Any CPU.Build.0 = Release|Any CPU
		{4CD3E88C-CFFA-4EC8-A22A-01C3FC5FA7F4}.Debug|Any CPU.ActiveCfg = Debug|Any CPU
		{4CD3E88C-CFFA-4EC8-A22A-01C3FC5FA7F4}.Debug|Any CPU.Build.0 = Debug|Any CPU
		{4CD3E88C-CFFA-4EC8-A22A-01C3FC5FA7F4}.Release|Any CPU.ActiveCfg = Release|Any CPU
		{4CD3E88C-CFFA-4EC8-A22A-01C3FC5FA7F4}.Release|Any CPU.Build.0 = Release|Any CPU
		{98B1FFF6-8788-461B-894A-EEBA637167E0}.Debug|Any CPU.ActiveCfg = Debug|Any CPU
		{98B1FFF6-8788-461B-894A-EEBA637167E0}.Debug|Any CPU.Build.0 = Debug|Any CPU
		{98B1FFF6-8788-461B-894A-EEBA637167E0}.Release|Any CPU.ActiveCfg = Release|Any CPU
		{98B1FFF6-8788-461B-894A-EEBA637167E0}.Release|Any CPU.Build.0 = Release|Any CPU
		{F7425AA6-FD31-4ED9-9D0E-150C40F6530A}.Debug|Any CPU.ActiveCfg = Debug|Any CPU
		{F7425AA6-FD31-4ED9-9D0E-150C40F6530A}.Debug|Any CPU.Build.0 = Debug|Any CPU
		{F7425AA6-FD31-4ED9-9D0E-150C40F6530A}.Release|Any CPU.ActiveCfg = Release|Any CPU
		{F7425AA6-FD31-4ED9-9D0E-150C40F6530A}.Release|Any CPU.Build.0 = Release|Any CPU
		{1F8C4D7B-70C6-4DE1-B179-34B19AD7593B}.Debug|Any CPU.ActiveCfg = Debug|Any CPU
		{1F8C4D7B-70C6-4DE1-B179-34B19AD7593B}.Debug|Any CPU.Build.0 = Debug|Any CPU
		{1F8C4D7B-70C6-4DE1-B179-34B19AD7593B}.Release|Any CPU.ActiveCfg = Release|Any CPU
		{1F8C4D7B-70C6-4DE1-B179-34B19AD7593B}.Release|Any CPU.Build.0 = Release|Any CPU
		{60842E23-074E-45E4-A06C-17EE8D579973}.Debug|Any CPU.ActiveCfg = Debug|Any CPU
		{60842E23-074E-45E4-A06C-17EE8D579973}.Debug|Any CPU.Build.0 = Debug|Any CPU
		{60842E23-074E-45E4-A06C-17EE8D579973}.Release|Any CPU.ActiveCfg = Release|Any CPU
		{60842E23-074E-45E4-A06C-17EE8D579973}.Release|Any CPU.Build.0 = Release|Any CPU
		{F6ABD873-5A2A-491E-8A1F-27C225A02384}.Debug|Any CPU.ActiveCfg = Debug|Any CPU
		{F6ABD873-5A2A-491E-8A1F-27C225A02384}.Debug|Any CPU.Build.0 = Debug|Any CPU
		{F6ABD873-5A2A-491E-8A1F-27C225A02384}.Release|Any CPU.ActiveCfg = Release|Any CPU
		{F6ABD873-5A2A-491E-8A1F-27C225A02384}.Release|Any CPU.Build.0 = Release|Any CPU
		{9F2E91AA-8B03-4ACD-9739-846997A49DC5}.Debug|Any CPU.ActiveCfg = Debug|Any CPU
		{9F2E91AA-8B03-4ACD-9739-846997A49DC5}.Debug|Any CPU.Build.0 = Debug|Any CPU
		{9F2E91AA-8B03-4ACD-9739-846997A49DC5}.Release|Any CPU.ActiveCfg = Release|Any CPU
		{9F2E91AA-8B03-4ACD-9739-846997A49DC5}.Release|Any CPU.Build.0 = Release|Any CPU
		{955F11A8-1DAE-4522-8532-17EF1DF44C7D}.Debug|Any CPU.ActiveCfg = Debug|Any CPU
		{955F11A8-1DAE-4522-8532-17EF1DF44C7D}.Debug|Any CPU.Build.0 = Debug|Any CPU
		{955F11A8-1DAE-4522-8532-17EF1DF44C7D}.Release|Any CPU.ActiveCfg = Release|Any CPU
		{955F11A8-1DAE-4522-8532-17EF1DF44C7D}.Release|Any CPU.Build.0 = Release|Any CPU
		{514DB20A-F295-4693-B3F3-C10B95A1D09A}.Debug|Any CPU.ActiveCfg = Debug|Any CPU
		{514DB20A-F295-4693-B3F3-C10B95A1D09A}.Debug|Any CPU.Build.0 = Debug|Any CPU
		{514DB20A-F295-4693-B3F3-C10B95A1D09A}.Release|Any CPU.ActiveCfg = Release|Any CPU
		{514DB20A-F295-4693-B3F3-C10B95A1D09A}.Release|Any CPU.Build.0 = Release|Any CPU
		{D83D8EFE-BFB8-4963-A9D4-6A4E1433E660}.Debug|Any CPU.ActiveCfg = Debug|Any CPU
		{D83D8EFE-BFB8-4963-A9D4-6A4E1433E660}.Debug|Any CPU.Build.0 = Debug|Any CPU
		{D83D8EFE-BFB8-4963-A9D4-6A4E1433E660}.Release|Any CPU.ActiveCfg = Release|Any CPU
		{D83D8EFE-BFB8-4963-A9D4-6A4E1433E660}.Release|Any CPU.Build.0 = Release|Any CPU
	EndGlobalSection
	GlobalSection(SolutionProperties) = preSolution
		HideSolutionNode = FALSE
	EndGlobalSection
	GlobalSection(NestedProjects) = preSolution
		{C509664E-9572-497C-9DD4-5B34980F5BD8} = {EC7B1DDF-85A5-498D-9611-BD6B5E9AA3E4}
		{CACE1070-3752-46BC-9CD7-D74B438B2747} = {EC7B1DDF-85A5-498D-9611-BD6B5E9AA3E4}
		{95E498BF-2E7A-4747-8B74-422A91545FFB} = {293647B7-E1F2-491A-B68F-7FA57EDD0683}
		{F98A06AF-7196-47D9-8A5D-7604AF88BA4F} = {99C6C53A-4D45-4AC5-BD00-F741DF92BC5A}
		{DFFA817E-FD1F-45CB-8908-3B8EC577F6CA} = {3BEFADC8-9706-4FAB-A9A6-2FDE9EEDFB41}
		{F12F8D9A-D7F2-4D23-B1BB-37D3B8316075} = {3BEFADC8-9706-4FAB-A9A6-2FDE9EEDFB41}
		{4CD3E88C-CFFA-4EC8-A22A-01C3FC5FA7F4} = {215B2F74-DD7C-4957-9005-3C41A9B2F829}
		{98B1FFF6-8788-461B-894A-EEBA637167E0} = {DB694CE2-C2AF-44F7-9C27-761F25C17F4F}
		{94029795-A94E-4CE2-A240-7EB9C71F7D42} = {DB694CE2-C2AF-44F7-9C27-761F25C17F4F}
		{F7425AA6-FD31-4ED9-9D0E-150C40F6530A} = {94029795-A94E-4CE2-A240-7EB9C71F7D42}
		{1F8C4D7B-70C6-4DE1-B179-34B19AD7593B} = {94029795-A94E-4CE2-A240-7EB9C71F7D42}
		{60842E23-074E-45E4-A06C-17EE8D579973} = {94029795-A94E-4CE2-A240-7EB9C71F7D42}
		{F6ABD873-5A2A-491E-8A1F-27C225A02384} = {94029795-A94E-4CE2-A240-7EB9C71F7D42}
		{9F2E91AA-8B03-4ACD-9739-846997A49DC5} = {94029795-A94E-4CE2-A240-7EB9C71F7D42}
		{955F11A8-1DAE-4522-8532-17EF1DF44C7D} = {973DC673-E751-4221-9C92-0AC4D96E5CE2}
		{514DB20A-F295-4693-B3F3-C10B95A1D09A} = {973DC673-E751-4221-9C92-0AC4D96E5CE2}
		{D83D8EFE-BFB8-4963-A9D4-6A4E1433E660} = {07C0120D-D5F0-4CEA-89A2-86F36725834D}
	EndGlobalSection
	GlobalSection(ExtensibilityGlobals) = postSolution
		SolutionGuid = {D79366E6-0348-4FCD-9651-14ABBB6A0D2B}
	EndGlobalSection
EndGlobal
